
Microsoft Visual Studio Solution File, Format Version 12.00
# Visual Studio Version 17
VisualStudioVersion = 17.0.32126.317
MinimumVisualStudioVersion = 10.0.40219.1
Project("{FAE04EC0-301F-11D3-BF4B-00C04F79EFBC}") = "Stiker", "Stiker\Stiker.csproj", "{92A275BA-B297-4A74-8F2C-D2DA4B2891D2}"
EndProject
Global
	GlobalSection(SolutionConfigurationPlatforms) = preSolution
		Debug|Any CPU = Debug|Any CPU
		Release|Any CPU = Release|Any CPU
	EndGlobalSection
	GlobalSection(ProjectConfigurationPlatforms) = postSolution
		{92A275BA-B297-4A74-8F2C-D2DA4B2891D2}.Debug|Any CPU.ActiveCfg = Debug|Any CPU
		{92A275BA-B297-4A74-8F2C-D2DA4B2891D2}.Debug|Any CPU.Build.0 = Debug|Any CPU
		{92A275BA-B297-4A74-8F2C-D2DA4B2891D2}.Release|Any CPU.ActiveCfg = Release|Any CPU
		{92A275BA-B297-4A74-8F2C-D2DA4B2891D2}.Release|Any CPU.Build.0 = Release|Any CPU
	EndGlobalSection
	GlobalSection(SolutionProperties) = preSolution
		HideSolutionNode = FALSE
	EndGlobalSection
	GlobalSection(ExtensibilityGlobals) = postSolution
		SolutionGuid = {97FFA3A6-20BF-4E18-A4D7-28871EB16926}
	EndGlobalSection
EndGlobal
